{
  "name": "flower",
  "version": "1.0.0",
  "lockfileVersion": 3,
  "requires": true,
  "packages": {
    "": {
      "name": "flower",
      "version": "1.0.0",
      "license": "ISC",
      "dependencies": {
        "@vant/weapp": "^1.11.7",
        "async-validator": "^4.2.5",
        "mina-request": "^1.0.8",
        "miniprogram-computed": "^6.0.2",
        "miniprogram-licia": "^1.46.0",
        "mobx-miniprogram": "^6.12.3",
        "mobx-miniprogram-bindings": "^5.0.0"
      }
    },
    "node_modules/@vant/weapp": {
      "version": "1.11.7",
      "resolved": "https://registry.npmmirror.com/@vant/weapp/-/weapp-1.11.7.tgz",
      "integrity": "sha512-Rwn9BBnb4kHSV4XmvBicwtd42J+amEUfnFDcXJsGNPNX4a9c/DoT6YLsm4X1wB2+sQbdiQsbFBLAvGRBxCkD8g=="
    },
    "node_modules/async-validator": {
      "version": "4.2.5",
      "resolved": "https://registry.npmmirror.com/async-validator/-/async-validator-4.2.5.tgz",
      "integrity": "sha512-7HhHjtERjqlNbZtqNqy2rckN/SpOOlmDliet+lP7k+eKZEjPk3DgyeU9lIXLdeLz0uBbbVp+9Qdow9wJWgwwfg=="
    },
    "node_modules/fast-deep-equal": {
      "version": "3.1.3",
      "resolved": "https://registry.npmmirror.com/fast-deep-equal/-/fast-deep-equal-3.1.3.tgz",
      "integrity": "sha512-f3qQ9oQy9j2AhBe/H9VC91wLmKBCCU/gDOnKNAYG5hswO7BLKj09Hc5HYNz9cGI++xlpDCIgDaitVs03ATR84Q=="
    },
    "node_modules/mina-request": {
      "version": "1.0.8",
      "resolved": "https://registry.npmmirror.com/mina-request/-/mina-request-1.0.8.tgz",
      "integrity": "sha512-IzsnzZEAJOyQnYMKhut7+m6EygiiZOd5yvspNplVlVT026ucaaJrie92k0K0Umw0jkASvJn1WXjSq+FntYj/GQ=="
    },
    "node_modules/miniprogram-api-typings": {
      "version": "4.0.2",
      "resolved": "https://registry.npmmirror.com/miniprogram-api-typings/-/miniprogram-api-typings-4.0.2.tgz",
      "integrity": "sha512-hDrWCaJamsMB6Sg+0oMzGgSOse8EzumfN+VQFBKtJe2LbeKibGruB/ptNd4viXdcdgfahQ+Ji5Z9v9meoG9iuw==",
      "peer": true
    },
    "node_modules/miniprogram-computed": {
      "version": "6.0.2",
      "resolved": "https://registry.npmmirror.com/miniprogram-computed/-/miniprogram-computed-6.0.2.tgz",
      "integrity": "sha512-s5zR7Lkc2uQHdn3zz1liBG8z2if/8rhaf18hEYna2kM6ApKGUbJze0VOcaJmh1y7eMTX7OMWpZBuzap/wKELoA==",
      "dependencies": {
        "fast-deep-equal": "^3.1.3",
        "rfdc": "^1.3.1"
      },
      "peerDependencies": {
        "miniprogram-api-typings": "^4.0.0"
      }
    },
    "node_modules/miniprogram-licia": {
      "version": "1.46.0",
      "resolved": "https://registry.npmmirror.com/miniprogram-licia/-/miniprogram-licia-1.46.0.tgz",
      "integrity": "sha512-Aw2tC1r5lAOLGkDnU6B47p9i2yKlt2emP3/AtJ4HSyXkSGHXkxaYSBLHdJ1OXPorOWi8e6UfQsM4fXnEC5zj4Q=="
    },
    "node_modules/mobx-miniprogram": {
      "version": "6.12.3",
      "resolved": "https://registry.npmmirror.com/mobx-miniprogram/-/mobx-miniprogram-6.12.3.tgz",
      "integrity": "sha512-GEq1EG7jZPnrHYV43oppa6jY9lgbNRuGPiXyOFRoluHjd5LIGBf3a+zXMjzO1AVwrFOWvVRazxtzfiRXMUUqZw==",
      "funding": {
        "type": "opencollective",
        "url": "https://opencollective.com/mobx"
      }
    },
    "node_modules/mobx-miniprogram-bindings": {
      "version": "5.0.0",
      "resolved": "https://registry.npmmirror.com/mobx-miniprogram-bindings/-/mobx-miniprogram-bindings-5.0.0.tgz",
      "integrity": "sha512-/xj+osYXwiUXgDYmPCQ/oh3ntZqmH+bkHzzoRJPhJfauKgQxrjiUsGZaBhOx3w83kKo0bQyQdkE0dZQBhw/1ZA==",
      "peerDependencies": {
        "miniprogram-api-typings": "^4.0.1",
        "mobx-miniprogram": "^6.0.0"
      }
    },
    "node_modules/rfdc": {
      "version": "1.4.1",
      "resolved": "https://registry.npmmirror.com/rfdc/-/rfdc-1.4.1.tgz",
      "integrity": "sha512-q1b3N5QkRUWUl7iyylaaj3kOpIT0N2i9MqIEQXP73GVsN9cw3fdx8X63cEmWhJGi2PPCF23Ijp7ktmd39rawIA=="
    }
  }
}
